<?xml version="1.0" encoding="utf-8"?>
<Project ToolsVersion="4.0" xmlns="http://schemas.microsoft.com/developer/msbuild/2003">
  <ItemGroup>
    <Filter Include="Source Files">
      <UniqueIdentifier>{4FC737F1-C7A5-4376-A066-2A32D752A2FF}</UniqueIdentifier>
      <Extensions>cpp;c;cc;cxx;def;odl;idl;hpj;bat;asm;asmx</Extensions>
    </Filter>
    <Filter Include="Header Files">
      <UniqueIdentifier>{93995380-89BD-4b04-88EB-625FBE52EBFB}</UniqueIdentifier>
      <Extensions>h;hh;hpp;hxx;hm;inl;inc;xsd</Extensions>
    </Filter>
    <Filter Include="Shaders">
      <UniqueIdentifier>{2d20ddbc-a202-4026-b656-2d61dedaab8f}</UniqueIdentifier>
    </Filter>
    <Filter Include="Header Files\SOIL">
      <UniqueIdentifier>{a0a75c8a-b04f-4203-b8db-13ab87b15098}</UniqueIdentifier>
    </Filter>
    <Filter Include="Source Files\SOIL">
      <UniqueIdentifier>{c1fbfa70-3664-47e2-876c-c62919e4a3c2}</UniqueIdentifier>
    </Filter>
  </ItemGroup>
  <ItemGroup>
    <ClCompile Include="Source.cpp">
      <Filter>Source Files</Filter>
    </ClCompile>
    <ClCompile Include="Shader.cpp">
      <Filter>Source Files</Filter>
    </ClCompile>
    <ClCompile Include="geometry.cpp">
      <Filter>Source Files</Filter>
    </ClCompile>
    <ClCompile Include="Camera.cpp">
      <Filter>Source Files</Filter>
    </ClCompile>
    <ClCompile Include="Game.cpp">
      <Filter>Source Files</Filter>
    </ClCompile>
    <ClCompile Include="ResourceManager.cpp">
      <Filter>Source Files</Filter>
    </ClCompile>
    <ClCompile Include="Texture2D.cpp">
      <Filter>Source Files</Filter>
    </ClCompile>
    <ClCompile Include="SpriteRenderer.cpp">
      <Filter>Source Files</Filter>
    </ClCompile>
    <ClCompile Include="GameLevel.cpp">
      <Filter>Source Files</Filter>
    </ClCompile>
    <ClCompile Include="GameObject.cpp">
      <Filter>Source Files</Filter>
    </ClCompile>
    <ClCompile Include="BallObject.cpp">
      <Filter>Source Files</Filter>
    </ClCompile>
    <ClCompile Include="SOIL\image_DXT.c">
      <Filter>Source Files\SOIL</Filter>
    </ClCompile>
    <ClCompile Include="SOIL\image_helper.c">
      <Filter>Source Files\SOIL</Filter>
    </ClCompile>
    <ClCompile Include="SOIL\SOIL.c">
      <Filter>Source Files\SOIL</Filter>
    </ClCompile>
    <ClCompile Include="ParticleGenerator.cpp">
      <Filter>Source Files</Filter>
    </ClCompile>
    <ClCompile Include="PostProcessor.cpp">
      <Filter>Source Files</Filter>
    </ClCompile>
  </ItemGroup>
  <ItemGroup>
    <ClInclude Include="vmath.h">
      <Filter>Header Files</Filter>
    </ClInclude>
    <ClInclude Include="shader.h">
      <Filter>Header Files</Filter>
    </ClInclude>
    <ClInclude Include="glFiles.h">
      <Filter>Header Files</Filter>
    </ClInclude>
    <ClInclude Include="geometry.h">
      <Filter>Header Files</Filter>
    </ClInclude>
    <ClInclude Include="Camera.h">
      <Filter>Header Files</Filter>
    </ClInclude>
    <ClInclude Include="Game.h">
      <Filter>Header Files</Filter>
    </ClInclude>
    <ClInclude Include="ResourceManager.h">
      <Filter>Header Files</Filter>
    </ClInclude>
    <ClInclude Include="Sysfiles.h">
      <Filter>Header Files</Filter>
    </ClInclude>
    <ClInclude Include="Texture2D.h">
      <Filter>Header Files</Filter>
    </ClInclude>
    <ClInclude Include="SpriteRenderer.h">
      <Filter>Header Files</Filter>
    </ClInclude>
    <ClInclude Include="GameObject.h">
      <Filter>Header Files</Filter>
    </ClInclude>
    <ClInclude Include="GameLevel.h">
      <Filter>Header Files</Filter>
    </ClInclude>
    <ClInclude Include="BallObject.h">
      <Filter>Header Files</Filter>
    </ClInclude>
    <ClInclude Include="SOIL\image_helper.h">
      <Filter>Header Files\SOIL</Filter>
    </ClInclude>
    <ClInclude Include="SOIL\image_DXT.h">
      <Filter>Header Files\SOIL</Filter>
    </ClInclude>
    <ClInclude Include="SOIL\SOIL.h">
      <Filter>Header Files\SOIL</Filter>
    </ClInclude>
    <ClInclude Include="SOIL\stb_image_aug.h">
      <Filter>Header Files\SOIL</Filter>
    </ClInclude>
    <ClInclude Include="SOIL\stb_image.h">
      <Filter>Header Files\SOIL</Filter>
    </ClInclude>
    <ClInclude Include="ParticleGenerator.h">
      <Filter>Header Files</Filter>
    </ClInclude>
    <ClInclude Include="PostProcessor.h">
      <Filter>Header Files</Filter>
    </ClInclude>
  </ItemGroup>
  <ItemGroup>
    <None Include="Shaders\vertexShader1.glsl">
      <Filter>Shaders</Filter>
    </None>
    <None Include="Shaders\spriteVertexShader.glsl">
      <Filter>Shaders</Filter>
    </None>
    <None Include="Shaders\spriteFragmentShader.glsl">
      <Filter>Shaders</Filter>
    </None>
    <None Include="Shaders\fragmentShader1.glsl">
      <Filter>Shaders</Filter>
    </None>
    <None Include="Shaders\particleFragmentShader.glsl">
      <Filter>Shaders</Filter>
    </None>
    <None Include="Shaders\particleVertexShader.glsl">
      <Filter>Shaders</Filter>
    </None>
    <None Include="Shaders\postProcessingFragmentShader.glsl">
      <Filter>Shaders</Filter>
    </None>
    <None Include="Shaders\postProcessingVertexShader.glsl">
      <Filter>Shaders</Filter>
    </None>
  </ItemGroup>
</Project>